
Microsoft Visual Studio Solution File, Format Version 12.00
# Visual Studio Version 17
VisualStudioVersion = 17.1.32210.238
MinimumVisualStudioVersion = 10.0.40219.1
Project("{9A19103F-16F7-4668-BE54-9A1E7A4F7556}") = "WpfBrowser", "WpfBrowser\WpfBrowser.csproj", "{7BDA57D7-FACF-4A1C-9F2B-100FF18169DD}"
EndProject
Project("{FAE04EC0-301F-11D3-BF4B-00C04F79EFBC}") = "ClassLibrary1", "ClassLibrary1\ClassLibrary1.csproj", "{84A74F8A-4D4E-45CC-B7E8-618243EC9432}"
EndProject
Global
	GlobalSection(SolutionConfigurationPlatforms) = preSolution
		Debug|Any CPU = Debug|Any CPU
		Release|Any CPU = Release|Any CPU
	EndGlobalSection
	GlobalSection(ProjectConfigurationPlatforms) = postSolution
		{7BDA57D7-FACF-4A1C-9F2B-100FF18169DD}.Debug|Any CPU.ActiveCfg = Debug|Any CPU
		{7BDA57D7-FACF-4A1C-9F2B-100FF18169DD}.Debug|Any CPU.Build.0 = Debug|Any CPU
		{7BDA57D7-FACF-4A1C-9F2B-100FF18169DD}.Release|Any CPU.ActiveCfg = Release|Any CPU
		{7BDA57D7-FACF-4A1C-9F2B-100FF18169DD}.Release|Any CPU.Build.0 = Release|Any CPU
		{84A74F8A-4D4E-45CC-B7E8-618243EC9432}.Debug|Any CPU.ActiveCfg = Debug|Any CPU
		{84A74F8A-4D4E-45CC-B7E8-618243EC9432}.Debug|Any CPU.Build.0 = Debug|Any CPU
		{84A74F8A-4D4E-45CC-B7E8-618243EC9432}.Release|Any CPU.ActiveCfg = Release|Any CPU
		{84A74F8A-4D4E-45CC-B7E8-618243EC9432}.Release|Any CPU.Build.0 = Release|Any CPU
	EndGlobalSection
	GlobalSection(SolutionProperties) = preSolution
		HideSolutionNode = FALSE
	EndGlobalSection
	GlobalSection(ExtensibilityGlobals) = postSolution
		SolutionGuid = {EAD17F43-254C-46B3-98B3-2CDAB954DB33}
	EndGlobalSection
EndGlobal
